
Microsoft Visual Studio Solution File, Format Version 12.00
# Visual Studio Version 16
VisualStudioVersion = 16.0.29911.84
MinimumVisualStudioVersion = 10.0.40219.1
Project("{9A19103F-16F7-4668-BE54-9A1E7A4F7556}") = "MRRC", "Assignment 1\MRRC.csproj", "{D10D558F-8D08-41E5-9678-0D98F14A1330}"
EndProject
Project("{9A19103F-16F7-4668-BE54-9A1E7A4F7556}") = "MRRCmanagement", "MRRCmanagement\MRRCmanagement.csproj", "{6295A08B-77F8-4E35-9099-A5EE6159828B}"
EndProject
Global
	GlobalSection(SolutionConfigurationPlatforms) = preSolution
		Debug|Any CPU = Debug|Any CPU
		Release|Any CPU = Release|Any CPU
	EndGlobalSection
	GlobalSection(ProjectConfigurationPlatforms) = postSolution
		{D10D558F-8D08-41E5-9678-0D98F14A1330}.Debug|Any CPU.ActiveCfg = Debug|Any CPU
		{D10D558F-8D08-41E5-9678-0D98F14A1330}.Debug|Any CPU.Build.0 = Debug|Any CPU
		{D10D558F-8D08-41E5-9678-0D98F14A1330}.Release|Any CPU.ActiveCfg = Release|Any CPU
		{D10D558F-8D08-41E5-9678-0D98F14A1330}.Release|Any CPU.Build.0 = Release|Any CPU
		{6295A08B-77F8-4E35-9099-A5EE6159828B}.Debug|Any CPU.ActiveCfg = Debug|Any CPU
		{6295A08B-77F8-4E35-9099-A5EE6159828B}.Debug|Any CPU.Build.0 = Debug|Any CPU
		{6295A08B-77F8-4E35-9099-A5EE6159828B}.Release|Any CPU.ActiveCfg = Release|Any CPU
		{6295A08B-77F8-4E35-9099-A5EE6159828B}.Release|Any CPU.Build.0 = Release|Any CPU
	EndGlobalSection
	GlobalSection(SolutionProperties) = preSolution
		HideSolutionNode = FALSE
	EndGlobalSection
	GlobalSection(ExtensibilityGlobals) = postSolution
		SolutionGuid = {A722BCBC-E570-47B8-A695-0FB0A5A7159B}
	EndGlobalSection
EndGlobal
